
Microsoft Visual Studio Solution File, Format Version 12.00
# Visual Studio Version 17
VisualStudioVersion = 17.5.002.0
MinimumVisualStudioVersion = 10.0.40219.1
Project("{2150E333-8FDC-42A3-9474-1A3956D46DE8}") = "part2", "part2", "{7501F3F4-0343-48A0-B3EC-1FE797000872}"
EndProject
Project("{FAE04EC0-301F-11D3-BF4B-00C04F79EFBC}") = "module2", "part2\module2\module2.csproj", "{3528AB46-0F48-4409-9661-0F52F6E52B57}"
EndProject
Project("{FAE04EC0-301F-11D3-BF4B-00C04F79EFBC}") = "module3", "part2\module3\module3.csproj", "{9D33345D-B935-449B-8222-1F3977F00144}"
EndProject
Global
	GlobalSection(SolutionConfigurationPlatforms) = preSolution
		Debug|Any CPU = Debug|Any CPU
		Release|Any CPU = Release|Any CPU
	EndGlobalSection
	GlobalSection(ProjectConfigurationPlatforms) = postSolution
		{3528AB46-0F48-4409-9661-0F52F6E52B57}.Debug|Any CPU.ActiveCfg = Debug|Any CPU
		{3528AB46-0F48-4409-9661-0F52F6E52B57}.Debug|Any CPU.Build.0 = Debug|Any CPU
		{3528AB46-0F48-4409-9661-0F52F6E52B57}.Release|Any CPU.ActiveCfg = Release|Any CPU
		{3528AB46-0F48-4409-9661-0F52F6E52B57}.Release|Any CPU.Build.0 = Release|Any CPU
		{9D33345D-B935-449B-8222-1F3977F00144}.Debug|Any CPU.ActiveCfg = Debug|Any CPU
		{9D33345D-B935-449B-8222-1F3977F00144}.Debug|Any CPU.Build.0 = Debug|Any CPU
		{9D33345D-B935-449B-8222-1F3977F00144}.Release|Any CPU.ActiveCfg = Release|Any CPU
		{9D33345D-B935-449B-8222-1F3977F00144}.Release|Any CPU.Build.0 = Release|Any CPU
	EndGlobalSection
	GlobalSection(SolutionProperties) = preSolution
		HideSolutionNode = FALSE
	EndGlobalSection
	GlobalSection(ExtensibilityGlobals) = postSolution
		SolutionGuid = {C9FE8237-66C7-4F75-A940-9F942650B4C9}
	EndGlobalSection
	GlobalSection(NestedProjects) = preSolution
		{3528AB46-0F48-4409-9661-0F52F6E52B57} = {7501F3F4-0343-48A0-B3EC-1FE797000872}
		{9D33345D-B935-449B-8222-1F3977F00144} = {7501F3F4-0343-48A0-B3EC-1FE797000872}
	EndGlobalSection
EndGlobal
